
Microsoft Visual Studio Solution File, Format Version 10.00
# Visual Studio 2008
Project("{FAE04EC0-301F-11D3-BF4B-00C04F79EFBC}") = "XMReaderConsole", "XMReaderConsole\XMReaderConsole.csproj", "{F86D5C78-600F-45B7-9496-DC1EAC2DB95A}"
EndProject
Global
	GlobalSection(SolutionConfigurationPlatforms) = preSolution
		Debug|Any CPU = Debug|Any CPU
		Release|Any CPU = Release|Any CPU
	EndGlobalSection
	GlobalSection(ProjectConfigurationPlatforms) = postSolution
		{F86D5C78-600F-45B7-9496-DC1EAC2DB95A}.Debug|Any CPU.ActiveCfg = Debug|Any CPU
		{F86D5C78-600F-45B7-9496-DC1EAC2DB95A}.Debug|Any CPU.Build.0 = Debug|Any CPU
		{F86D5C78-600F-45B7-9496-DC1EAC2DB95A}.Release|Any CPU.ActiveCfg = Release|Any CPU
		{F86D5C78-600F-45B7-9496-DC1EAC2DB95A}.Release|Any CPU.Build.0 = Release|Any CPU
	EndGlobalSection
	GlobalSection(SolutionProperties) = preSolution
		HideSolutionNode = FALSE
	EndGlobalSection
	GlobalSection(ExtensibilityGlobals) = postSolution
		VisualSVNWorkingCopyRoot = .
	EndGlobalSection
EndGlobal
